
Microsoft Visual Studio Solution File, Format Version 12.00
# Visual Studio 14
VisualStudioVersion = 14.0.24720.0
MinimumVisualStudioVersion = 10.0.40219.1
Project("{2150E333-8FDC-42A3-9474-1A3956D46DE8}") = "Solution Items", "Solution Items", "{BD9722E2-4FD9-40A0-AE69-2F8E84C0E22C}"
	ProjectSection(SolutionItems) = preProject
		readme.md = readme.md
	EndProjectSection
EndProject
Project("{F2A71F9B-5D33-465A-A702-920D77279786}") = "N Puzzle", "N Puzzle\N Puzzle.fsproj", "{FDC752D2-30A3-4C4B-91F1-CE897EDA31DD}"
EndProject
Project("{2150E333-8FDC-42A3-9474-1A3956D46DE8}") = "Test Cases", "Test Cases", "{03B41852-E5A9-41C7-85C1-20ED932D7E71}"
	ProjectSection(SolutionItems) = preProject
		N Puzzle\Test Cases\puzzle4x4-00.txt = N Puzzle\Test Cases\puzzle4x4-00.txt
		N Puzzle\Test Cases\puzzle4x4-01.txt = N Puzzle\Test Cases\puzzle4x4-01.txt
		N Puzzle\Test Cases\puzzle4x4-02.txt = N Puzzle\Test Cases\puzzle4x4-02.txt
		N Puzzle\Test Cases\puzzle4x4-03.txt = N Puzzle\Test Cases\puzzle4x4-03.txt
		N Puzzle\Test Cases\puzzle4x4-04.txt = N Puzzle\Test Cases\puzzle4x4-04.txt
		N Puzzle\Test Cases\puzzle4x4-05.txt = N Puzzle\Test Cases\puzzle4x4-05.txt
		N Puzzle\Test Cases\puzzle4x4-06.txt = N Puzzle\Test Cases\puzzle4x4-06.txt
		N Puzzle\Test Cases\puzzle4x4-07.txt = N Puzzle\Test Cases\puzzle4x4-07.txt
		N Puzzle\Test Cases\puzzle4x4-08.txt = N Puzzle\Test Cases\puzzle4x4-08.txt
		N Puzzle\Test Cases\puzzle4x4-09.txt = N Puzzle\Test Cases\puzzle4x4-09.txt
		N Puzzle\Test Cases\puzzle4x4-10.txt = N Puzzle\Test Cases\puzzle4x4-10.txt
		N Puzzle\Test Cases\puzzle4x4-11.txt = N Puzzle\Test Cases\puzzle4x4-11.txt
		N Puzzle\Test Cases\puzzle4x4-12.txt = N Puzzle\Test Cases\puzzle4x4-12.txt
		N Puzzle\Test Cases\puzzle4x4-13.txt = N Puzzle\Test Cases\puzzle4x4-13.txt
		N Puzzle\Test Cases\puzzle4x4-14.txt = N Puzzle\Test Cases\puzzle4x4-14.txt
		N Puzzle\Test Cases\puzzle4x4-15.txt = N Puzzle\Test Cases\puzzle4x4-15.txt
		N Puzzle\Test Cases\puzzle4x4-16.txt = N Puzzle\Test Cases\puzzle4x4-16.txt
		N Puzzle\Test Cases\puzzle4x4-17.txt = N Puzzle\Test Cases\puzzle4x4-17.txt
		N Puzzle\Test Cases\puzzle4x4-18.txt = N Puzzle\Test Cases\puzzle4x4-18.txt
		N Puzzle\Test Cases\puzzle4x4-19.txt = N Puzzle\Test Cases\puzzle4x4-19.txt
		N Puzzle\Test Cases\puzzle4x4-20.txt = N Puzzle\Test Cases\puzzle4x4-20.txt
		N Puzzle\Test Cases\puzzle4x4-21.txt = N Puzzle\Test Cases\puzzle4x4-21.txt
		N Puzzle\Test Cases\puzzle4x4-22.txt = N Puzzle\Test Cases\puzzle4x4-22.txt
		N Puzzle\Test Cases\puzzle4x4-23.txt = N Puzzle\Test Cases\puzzle4x4-23.txt
		N Puzzle\Test Cases\puzzle4x4-24.txt = N Puzzle\Test Cases\puzzle4x4-24.txt
		N Puzzle\Test Cases\puzzle4x4-25.txt = N Puzzle\Test Cases\puzzle4x4-25.txt
		N Puzzle\Test Cases\puzzle4x4-26.txt = N Puzzle\Test Cases\puzzle4x4-26.txt
		N Puzzle\Test Cases\puzzle4x4-27.txt = N Puzzle\Test Cases\puzzle4x4-27.txt
		N Puzzle\Test Cases\puzzle4x4-28.txt = N Puzzle\Test Cases\puzzle4x4-28.txt
		N Puzzle\Test Cases\puzzle4x4-29.txt = N Puzzle\Test Cases\puzzle4x4-29.txt
		N Puzzle\Test Cases\puzzle4x4-30.txt = N Puzzle\Test Cases\puzzle4x4-30.txt
		N Puzzle\Test Cases\puzzle4x4-31.txt = N Puzzle\Test Cases\puzzle4x4-31.txt
		N Puzzle\Test Cases\puzzle4x4-32.txt = N Puzzle\Test Cases\puzzle4x4-32.txt
		N Puzzle\Test Cases\puzzle4x4-33.txt = N Puzzle\Test Cases\puzzle4x4-33.txt
		N Puzzle\Test Cases\puzzle4x4-34.txt = N Puzzle\Test Cases\puzzle4x4-34.txt
		N Puzzle\Test Cases\puzzle4x4-35.txt = N Puzzle\Test Cases\puzzle4x4-35.txt
		N Puzzle\Test Cases\puzzle4x4-36.txt = N Puzzle\Test Cases\puzzle4x4-36.txt
		N Puzzle\Test Cases\puzzle4x4-37.txt = N Puzzle\Test Cases\puzzle4x4-37.txt
		N Puzzle\Test Cases\puzzle4x4-38.txt = N Puzzle\Test Cases\puzzle4x4-38.txt
		N Puzzle\Test Cases\puzzle4x4-39.txt = N Puzzle\Test Cases\puzzle4x4-39.txt
		N Puzzle\Test Cases\puzzle4x4-40.txt = N Puzzle\Test Cases\puzzle4x4-40.txt
		N Puzzle\Test Cases\puzzle4x4-41.txt = N Puzzle\Test Cases\puzzle4x4-41.txt
		N Puzzle\Test Cases\puzzle4x4-42.txt = N Puzzle\Test Cases\puzzle4x4-42.txt
		N Puzzle\Test Cases\puzzle4x4-43.txt = N Puzzle\Test Cases\puzzle4x4-43.txt
		N Puzzle\Test Cases\puzzle4x4-44.txt = N Puzzle\Test Cases\puzzle4x4-44.txt
		N Puzzle\Test Cases\puzzle4x4-45.txt = N Puzzle\Test Cases\puzzle4x4-45.txt
		N Puzzle\Test Cases\puzzle4x4-46.txt = N Puzzle\Test Cases\puzzle4x4-46.txt
		N Puzzle\Test Cases\puzzle4x4-47.txt = N Puzzle\Test Cases\puzzle4x4-47.txt
		N Puzzle\Test Cases\puzzle4x4-48.txt = N Puzzle\Test Cases\puzzle4x4-48.txt
		N Puzzle\Test Cases\puzzle4x4-49.txt = N Puzzle\Test Cases\puzzle4x4-49.txt
		N Puzzle\Test Cases\puzzle4x4-50.txt = N Puzzle\Test Cases\puzzle4x4-50.txt
		N Puzzle\Test Cases\puzzle4x4-78.txt = N Puzzle\Test Cases\puzzle4x4-78.txt
		N Puzzle\Test Cases\puzzle4x4-80.txt = N Puzzle\Test Cases\puzzle4x4-80.txt
		N Puzzle\Test Cases\puzzle4x4-unsolvable.txt = N Puzzle\Test Cases\puzzle4x4-unsolvable.txt
	EndProjectSection
EndProject
Global
	GlobalSection(SolutionConfigurationPlatforms) = preSolution
		Debug|Any CPU = Debug|Any CPU
		Release|Any CPU = Release|Any CPU
	EndGlobalSection
	GlobalSection(ProjectConfigurationPlatforms) = postSolution
		{FDC752D2-30A3-4C4B-91F1-CE897EDA31DD}.Debug|Any CPU.ActiveCfg = Debug|Any CPU
		{FDC752D2-30A3-4C4B-91F1-CE897EDA31DD}.Debug|Any CPU.Build.0 = Debug|Any CPU
		{FDC752D2-30A3-4C4B-91F1-CE897EDA31DD}.Release|Any CPU.ActiveCfg = Release|Any CPU
		{FDC752D2-30A3-4C4B-91F1-CE897EDA31DD}.Release|Any CPU.Build.0 = Release|Any CPU
	EndGlobalSection
	GlobalSection(SolutionProperties) = preSolution
		HideSolutionNode = FALSE
	EndGlobalSection
EndGlobal
